{
	"name": "@ruah-dev/cli",
	"version": "1.0.0",
	"lockfileVersion": 3,
	"requires": true,
	"packages": {
		"": {
			"name": "@ruah-dev/cli",
			"version": "1.0.0",
			"license": "MIT",
			"dependencies": {
				"@ruah-dev/orch": "^1.0.3"
			},
			"bin": {
				"ruah": "bin/ruah.js"
			},
			"engines": {
				"node": ">=18.0.0"
			}
		},
		"node_modules/@ruah-dev/orch": {
			"version": "1.0.3",
			"resolved": "https://registry.npmjs.org/@ruah-dev/orch/-/orch-1.0.3.tgz",
			"integrity": "sha512-LaUTTyVhAhWDF6tALk+uF/e+FmgpPwVmGZJXX/BPtgS1ifMHqh181IATBfIlxiHtPWEVzeeXv/QjCrV5oGRSuw==",
			"license": "MIT",
			"bin": {
				"ruah": "dist/cli.js"
			},
			"engines": {
				"node": ">=18.0.0"
			}
		}
	}
}
